<?xml version="1.0" encoding="utf-8"?>
<Project ToolsVersion="4.0" xmlns="http://schemas.microsoft.com/developer/msbuild/2003">
  <ItemGroup>
    <Filter Include="Comet">
      <UniqueIdentifier>{1D25FA0C-8939-22BE-52BB-C51DBE8E1EEF}</UniqueIdentifier>
    </Filter>
  </ItemGroup>
  <ItemGroup>
    <ClInclude Include="src\Comet.h" />
    <ClInclude Include="src\Comet\Application.h">
      <Filter>Comet</Filter>
    </ClInclude>
    <ClInclude Include="src\Comet\Core.h">
      <Filter>Comet</Filter>
    </ClInclude>
    <ClInclude Include="src\Comet\EntryPoint.h">
      <Filter>Comet</Filter>
    </ClInclude>
    <ClInclude Include="src\Comet\Log.h">
      <Filter>Comet</Filter>
    </ClInclude>
  </ItemGroup>
  <ItemGroup>
    <ClCompile Include="src\Comet\Application.cpp">
      <Filter>Comet</Filter>
    </ClCompile>
    <ClCompile Include="src\Comet\Log.cpp">
      <Filter>Comet</Filter>
    </ClCompile>
  </ItemGroup>
</Project>